{
  "nodes": {
    "nixpkgs": {
      "locked": {
        "lastModified": 1789286504,
        "narHash": "sha256-eiEK7cKZORNEvX0GeF3RtNEF/JXhgf2RqSp3230q13E=",
        "owner": "NixOS",
        "repo": "nixpkgs",
        "rev": "ef34387ddd751e1ab8857adf4676492d32eb24ec",
        "type": "github"
      },
      "original": {
        "owner": "NixOS",
        "ref": "nixos-unstable",
        "repo": "nixpkgs",
        "type": "github"
      }
    },
    "root": {
      "inputs": {
        "nixpkgs": "nixpkgs",
        "source": "source"
      }
    },
    "source": {
      "flake": false,
      "locked": {
        "lastModified": 1790782307,
        "narHash": "sha256-FFgtdh/EcFvQWD7F7tv5jz0U1o4IjXBjw6ED/aHRIu0=",
        "owner": "nexu-io",
        "repo": "open-design",
        "rev": "53231d40b778d88eba23f35547bf99485d3ae9fc",
        "type": "github"
      },
      "original": {
        "owner": "nexu-io",
        "ref": "main",
        "repo": "open-design",
        "type": "github"
      }
    }
  },
  "root": "root",
  "version": 7
}
