{
  "nodes": {
    "nixpkgs": {
      "locked": {
        "lastModified": 1789286504,
        "narHash": "sha256-eiEK7cKZORNEvX0GeF3RtNEF/JXhgf2RqSp3230q13E=",
        "owner": "NixOS",
        "repo": "nixpkgs",
        "rev": "ef34387ddd751e1ab8857adf4676492d32eb24ec",
        "type": "github"
      },
      "original": {
        "owner": "NixOS",
        "ref": "nixos-unstable",
        "repo": "nixpkgs",
        "type": "github"
      }
    },
    "root": {
      "inputs": {
        "nixpkgs": "nixpkgs",
        "source": "source"
      }
    },
    "source": {
      "flake": false,
      "locked": {
        "lastModified": 1791449317,
        "narHash": "sha256-3IZ2P5maXIce4zxFo532HjByBPdon1v9JMnlODdsGmA=",
        "owner": "nexu-io",
        "repo": "open-design",
        "rev": "e38462fd50ef8c911c50acc9ccd4b11186655ed9",
        "type": "github"
      },
      "original": {
        "owner": "nexu-io",
        "ref": "main",
        "repo": "open-design",
        "type": "github"
      }
    }
  },
  "root": "root",
  "version": 7
}
